// !$*UTF8*$!
{
	archiveVersion = 1;
	classes = {
	};
	objectVersion = 50;
	objects = {

/* Begin PBXBuildFile section */
		0049B45D25230EC60053CE44 /* YRTableView.m in Sources */ = {isa = PBXBuildFile; fileRef = 0049B45C25230EC60053CE44 /* YRTableView.m */; };
		00BD7D222522ACCE008B19FC /* YRWeakProxy.m in Sources */ = {isa = PBXBuildFile; fileRef = 00BD7D212522ACCE008B19FC /* YRWeakProxy.m */; };
		00BD7D252522AFCC008B19FC /* WeakProxy.m in Sources */ = {isa = PBXBuildFile; fileRef = 00BD7D242522AFCC008B19FC /* WeakProxy.m */; };
		00DEB3CC252160A2007D2391 /* AppDelegate.m in Sources */ = {isa = PBXBuildFile; fileRef = 00DEB3CB252160A2007D2391 /* AppDelegate.m */; };
		00DEB3CF252160A2007D2391 /* SceneDelegate.m in Sources */ = {isa = PBXBuildFile; fileRef = 00DEB3CE252160A2007D2391 /* SceneDelegate.m */; };
		00DEB3D2252160A2007D2391 /* ViewController.m in Sources */ = {isa = PBXBuildFile; fileRef = 00DEB3D1252160A2007D2391 /* ViewController.m */; };
		00DEB3D5252160A2007D2391 /* Main.storyboard in Resources */ = {isa = PBXBuildFile; fileRef = 00DEB3D3252160A2007D2391 /* Main.storyboard */; };
		00DEB3D7252160A3007D2391 /* Assets.xcassets in Resources */ = {isa = PBXBuildFile; fileRef = 00DEB3D6252160A3007D2391 /* Assets.xcassets */; };
		00DEB3DA252160A3007D2391 /* LaunchScreen.storyboard in Resources */ = {isa = PBXBuildFile; fileRef = 00DEB3D8252160A3007D2391 /* LaunchScreen.storyboard */; };
		00DEB3DD252160A3007D2391 /* main.m in Sources */ = {isa = PBXBuildFile; fileRef = 00DEB3DC252160A3007D2391 /* main.m */; };
/* End PBXBuildFile section */

/* Begin PBXFileReference section */
		0049B45B25230EC60053CE44 /* YRTableView.h */ = {isa = PBXFileReference; lastKnownFileType = sourcecode.c.h; path = YRTableView.h; sourceTree = "<group>"; };
		0049B45C25230EC60053CE44 /* YRTableView.m */ = {isa = PBXFileReference; lastKnownFileType = sourcecode.c.objc; path = YRTableView.m; sourceTree = "<group>"; };
		00BD7D202522ACCE008B19FC /* YRWeakProxy.h */ = {isa = PBXFileReference; lastKnownFileType = sourcecode.c.h; path = YRWeakProxy.h; sourceTree = "<group>"; };
		00BD7D212522ACCE008B19FC /* YRWeakProxy.m */ = {isa = PBXFileReference; lastKnownFileType = sourcecode.c.objc; path = YRWeakProxy.m; sourceTree = "<group>"; };
		00BD7D232522AFCC008B19FC /* WeakProxy.h */ = {isa = PBXFileReference; lastKnownFileType = sourcecode.c.h; path = WeakProxy.h; sourceTree = "<group>"; };
		00BD7D242522AFCC008B19FC /* WeakProxy.m */ = {isa = PBXFileReference; lastKnownFileType = sourcecode.c.objc; path = WeakProxy.m; sourceTree = "<group>"; };
		00DEB3C7252160A2007D2391 /* Tiemr.app */ = {isa = PBXFileReference; explicitFileType = wrapper.application; includeInIndex = 0; path = Tiemr.app; sourceTree = BUILT_PRODUCTS_DIR; };
		00DEB3CA252160A2007D2391 /* AppDelegate.h */ = {isa = PBXFileReference; lastKnownFileType = sourcecode.c.h; path = AppDelegate.h; sourceTree = "<group>"; };
		00DEB3CB252160A2007D2391 /* AppDelegate.m */ = {isa = PBXFileReference; lastKnownFileType = sourcecode.c.objc; path = AppDelegate.m; sourceTree = "<group>"; };
		00DEB3CD252160A2007D2391 /* SceneDelegate.h */ = {isa = PBXFileReference; lastKnownFileType = sourcecode.c.h; path = SceneDelegate.h; sourceTree = "<group>"; };
		00DEB3CE252160A2007D2391 /* SceneDelegate.m */ = {isa = PBXFileReference; lastKnownFileType = sourcecode.c.objc; path = SceneDelegate.m; sourceTree = "<group>"; };
		00DEB3D0252160A2007D2391 /* ViewController.h */ = {isa = PBXFileReference; lastKnownFileType = sourcecode.c.h; path = ViewController.h; sourceTree = "<group>"; };
		00DEB3D1252160A2007D2391 /* ViewController.m */ = {isa = PBXFileReference; lastKnownFileType = sourcecode.c.objc; path = ViewController.m; sourceTree = "<group>"; };
		00DEB3D4252160A2007D2391 /* Base */ = {isa = PBXFileReference; lastKnownFileType = file.storyboard; name = Base; path = Base.lproj/Main.storyboard; sourceTree = "<group>"; };
		00DEB3D6252160A3007D2391 /* Assets.xcassets */ = {isa = PBXFileReference; lastKnownFileType = folder.assetcatalog; path = Assets.xcassets; sourceTree = "<group>"; };
		00DEB3D9252160A3007D2391 /* Base */ = {isa = PBXFileReference; lastKnownFileType = file.storyboard; name = Base; path = Base.lproj/LaunchScreen.storyboard; sourceTree = "<group>"; };
		00DEB3DB252160A3007D2391 /* Info.plist */ = {isa = PBXFileReference; lastKnownFileType = text.plist.xml; path = Info.plist; sourceTree = "<group>"; };
		00DEB3DC252160A3007D2391 /* main.m */ = {isa = PBXFileReference; lastKnownFileType = sourcecode.c.objc; path = main.m; sourceTree = "<group>"; };
/* End PBXFileReference section */

/* Begin PBXFrameworksBuildPhase section */
		00DEB3C4252160A2007D2391 /* Frameworks */ = {
			isa = PBXFrameworksBuildPhase;
			buildActionMask = 2147483647;
			files = (
			);
			runOnlyForDeploymentPostprocessing = 0;
		};
/* End PBXFrameworksBuildPhase section */

/* Begin PBXGroup section */
		00BD7D1C2522AB23008B19FC /* demo */ = {
			isa = PBXGroup;
			children = (
				00BD7D202522ACCE008B19FC /* YRWeakProxy.h */,
				00BD7D212522ACCE008B19FC /* YRWeakProxy.m */,
				00BD7D232522AFCC008B19FC /* WeakProxy.h */,
				00BD7D242522AFCC008B19FC /* WeakProxy.m */,
			);
			path = demo;
			sourceTree = "<group>";
		};
		00DEB3BE252160A2007D2391 = {
			isa = PBXGroup;
			children = (
				00DEB3C9252160A2007D2391 /* Tiemr */,
				00DEB3C8252160A2007D2391 /* Products */,
			);
			sourceTree = "<group>";
		};
		00DEB3C8252160A2007D2391 /* Products */ = {
			isa = PBXGroup;
			children = (
				00DEB3C7252160A2007D2391 /* Tiemr.app */,
			);
			name = Products;
			sourceTree = "<group>";
		};
		00DEB3C9252160A2007D2391 /* Tiemr */ = {
			isa = PBXGroup;
			children = (
				00DEB3CA252160A2007D2391 /* AppDelegate.h */,
				00DEB3CB252160A2007D2391 /* AppDelegate.m */,
				00DEB3CD252160A2007D2391 /* SceneDelegate.h */,
				00DEB3CE252160A2007D2391 /* SceneDelegate.m */,
				00DEB3D0252160A2007D2391 /* ViewController.h */,
				00DEB3D1252160A2007D2391 /* ViewController.m */,
				0049B45B25230EC60053CE44 /* YRTableView.h */,
				0049B45C25230EC60053CE44 /* YRTableView.m */,
				00DEB3D3252160A2007D2391 /* Main.storyboard */,
				00BD7D1C2522AB23008B19FC /* demo */,
				00DEB3D6252160A3007D2391 /* Assets.xcassets */,
				00DEB3D8252160A3007D2391 /* LaunchScreen.storyboard */,
				00DEB3DB252160A3007D2391 /* Info.plist */,
				00DEB3DC252160A3007D2391 /* main.m */,
			);
			path = Tiemr;
			sourceTree = "<group>";
		};
/* End PBXGroup section */

/* Begin PBXNativeTarget section */
		00DEB3C6252160A2007D2391 /* Tiemr */ = {
			isa = PBXNativeTarget;
			buildConfigurationList = 00DEB3E0252160A3007D2391 /* Build configuration list for PBXNativeTarget "Tiemr" */;
			buildPhases = (
				00DEB3C3252160A2007D2391 /* Sources */,
				00DEB3C4252160A2007D2391 /* Frameworks */,
				00DEB3C5252160A2007D2391 /* Resources */,
			);
			buildRules = (
			);
			dependencies = (
			);
			name = Tiemr;
			productName = Tiemr;
			productReference = 00DEB3C7252160A2007D2391 /* Tiemr.app */;
			productType = "com.apple.product-type.application";
		};
/* End PBXNativeTarget section */

/* Begin PBXProject section */
		00DEB3BF252160A2007D2391 /* Project object */ = {
			isa = PBXProject;
			attributes = {
				LastUpgradeCheck = 1170;
				ORGANIZATIONNAME = EDZ;
				TargetAttributes = {
					00DEB3C6252160A2007D2391 = {
						CreatedOnToolsVersion = 11.7;
					};
				};
			};
			buildConfigurationList = 00DEB3C2252160A2007D2391 /* Build configuration list for PBXProject "Tiemr" */;
			compatibilityVersion = "Xcode 9.3";
			developmentRegion = en;
			hasScannedForEncodings = 0;
			knownRegions = (
				en,
				Base,
			);
			mainGroup = 00DEB3BE252160A2007D2391;
			productRefGroup = 00DEB3C8252160A2007D2391 /* Products */;
			projectDirPath = "";
			projectRoot = "";
			targets = (
				00DEB3C6252160A2007D2391 /* Tiemr */,
			);
		};
/* End PBXProject section */

/* Begin PBXResourcesBuildPhase section */
		00DEB3C5252160A2007D2391 /* Resources */ = {
			isa = PBXResourcesBuildPhase;
			buildActionMask = 2147483647;
			files = (
				00DEB3DA252160A3007D2391 /* LaunchScreen.storyboard in Resources */,
				00DEB3D7252160A3007D2391 /* Assets.xcassets in Resources */,
				00DEB3D5252160A2007D2391 /* Main.storyboard in Resources */,
			);
			runOnlyForDeploymentPostprocessing = 0;
		};
/* End PBXResourcesBuildPhase section */

/* Begin PBXSourcesBuildPhase section */
		00DEB3C3252160A2007D2391 /* Sources */ = {
			isa = PBXSourcesBuildPhase;
			buildActionMask = 2147483647;
			files = (
				00BD7D252522AFCC008B19FC /* WeakProxy.m in Sources */,
				00DEB3D2252160A2007D2391 /* ViewController.m in Sources */,
				00DEB3CC252160A2007D2391 /* AppDelegate.m in Sources */,
				0049B45D25230EC60053CE44 /* YRTableView.m in Sources */,
				00BD7D222522ACCE008B19FC /* YRWeakProxy.m in Sources */,
				00DEB3DD252160A3007D2391 /* main.m in Sources */,
				00DEB3CF252160A2007D2391 /* SceneDelegate.m in Sources */,
			);
			runOnlyForDeploymentPostprocessing = 0;
		};
/* End PBXSourcesBuildPhase section */

/* Begin PBXVariantGroup section */
		00DEB3D3252160A2007D2391 /* Main.storyboard */ = {
			isa = PBXVariantGroup;
			children = (
				00DEB3D4252160A2007D2391 /* Base */,
			);
			name = Main.storyboard;
			sourceTree = "<group>";
		};
		00DEB3D8252160A3007D2391 /* LaunchScreen.storyboard */ = {
			isa = PBXVariantGroup;
			children = (
				00DEB3D9252160A3007D2391 /* Base */,
			);
			name = LaunchScreen.storyboard;
			sourceTree = "<group>";
		};
/* End PBXVariantGroup section */

/* Begin XCBuildConfiguration section */
		00DEB3DE252160A3007D2391 /* Debug */ = {
			isa = XCBuildConfiguration;
			buildSettings = {
				ALWAYS_SEARCH_USER_PATHS = NO;
				CLANG_ANALYZER_NONNULL = YES;
				CLANG_ANALYZER_NUMBER_OBJECT_CONVERSION = YES_AGGRESSIVE;
				CLANG_CXX_LANGUAGE_STANDARD = "gnu++14";
				CLANG_CXX_LIBRARY = "libc++";
				CLANG_ENABLE_MODULES = YES;
				CLANG_ENABLE_OBJC_ARC = YES;
				CLANG_ENABLE_OBJC_WEAK = YES;
				CLANG_WARN_BLOCK_CAPTURE_AUTORELEASING = YES;
				CLANG_WARN_BOOL_CONVERSION = YES;
				CLANG_WARN_COMMA = YES;
				CLANG_WARN_CONSTANT_CONVERSION = YES;
				CLANG_WARN_DEPRECATED_OBJC_IMPLEMENTATIONS = YES;
				CLANG_WARN_DIRECT_OBJC_ISA_USAGE = YES_ERROR;
				CLANG_WARN_DOCUMENTATION_COMMENTS = YES;
				CLANG_WARN_EMPTY_BODY = YES;
				CLANG_WARN_ENUM_CONVERSION = YES;
				CLANG_WARN_INFINITE_RECURSION = YES;
				CLANG_WARN_INT_CONVERSION = YES;
				CLANG_WARN_NON_LITERAL_NULL_CONVERSION = YES;
				CLANG_WARN_OBJC_IMPLICIT_RETAIN_SELF = YES;
				CLANG_WARN_OBJC_LITERAL_CONVERSION = YES;
				CLANG_WARN_OBJC_ROOT_CLASS = YES_ERROR;
				CLANG_WARN_RANGE_LOOP_ANALYSIS = YES;
				CLANG_WARN_STRICT_PROTOTYPES = YES;
				CLANG_WARN_SUSPICIOUS_MOVE = YES;
				CLANG_WARN_UNGUARDED_AVAILABILITY = YES_AGGRESSIVE;
				CLANG_WARN_UNREACHABLE_CODE = YES;
				CLANG_WARN__DUPLICATE_METHOD_MATCH = YES;
				COPY_PHASE_STRIP = NO;
				DEBUG_INFORMATION_FORMAT = dwarf;
				ENABLE_STRICT_OBJC_MSGSEND = YES;
				ENABLE_TESTABILITY = YES;
				GCC_C_LANGUAGE_STANDARD = gnu11;
				GCC_DYNAMIC_NO_PIC = NO;
				GCC_NO_COMMON_BLOCKS = YES;
				GCC_OPTIMIZATION_LEVEL = 0;
				GCC_PREPROCESSOR_DEFINITIONS = (
					"DEBUG=1",
					"$(inherited)",
				);
				GCC_WARN_64_TO_32_BIT_CONVERSION = YES;
				GCC_WARN_ABOUT_RETURN_TYPE = YES_ERROR;
				GCC_WARN_UNDECLARED_SELECTOR = YES;
				GCC_WARN_UNINITIALIZED_AUTOS = YES_AGGRESSIVE;
				GCC_WARN_UNUSED_FUNCTION = YES;
				GCC_WARN_UNUSED_VARIABLE = YES;
				IPHONEOS_DEPLOYMENT_TARGET = 13.7;
				MTL_ENABLE_DEBUG_INFO = INCLUDE_SOURCE;
				MTL_FAST_MATH = YES;
				ONLY_ACTIVE_ARCH = YES;
				SDKROOT = iphoneos;
			};
			name = Debug;
		};
		00DEB3DF252160A3007D2391 /* Release */ = {
			isa = XCBuildConfiguration;
			buildSettings = {
				ALWAYS_SEARCH_USER_PATHS = NO;
				CLANG_ANALYZER_NONNULL = YES;
				CLANG_ANALYZER_NUMBER_OBJECT_CONVERSION = YES_AGGRESSIVE;
				CLANG_CXX_LANGUAGE_STANDARD = "gnu++14";
				CLANG_CXX_LIBRARY = "libc++";
				CLANG_ENABLE_MODULES = YES;
				CLANG_ENABLE_OBJC_ARC = YES;
				CLANG_ENABLE_OBJC_WEAK = YES;
				CLANG_WARN_BLOCK_CAPTURE_AUTORELEASING = YES;
				CLANG_WARN_BOOL_CONVERSION = YES;
				CLANG_WARN_COMMA = YES;
				CLANG_WARN_CONSTANT_CONVERSION = YES;
				CLANG_WARN_DEPRECATED_OBJC_IMPLEMENTATIONS = YES;
				CLANG_WARN_DIRECT_OBJC_ISA_USAGE = YES_ERROR;
				CLANG_WARN_DOCUMENTATION_COMMENTS = YES;
				CLANG_WARN_EMPTY_BODY = YES;
				CLANG_WARN_ENUM_CONVERSION = YES;
				CLANG_WARN_INFINITE_RECURSION = YES;
				CLANG_WARN_INT_CONVERSION = YES;
				CLANG_WARN_NON_LITERAL_NULL_CONVERSION = YES;
				CLANG_WARN_OBJC_IMPLICIT_RETAIN_SELF = YES;
				CLANG_WARN_OBJC_LITERAL_CONVERSION = YES;
				CLANG_WARN_OBJC_ROOT_CLASS = YES_ERROR;
				CLANG_WARN_RANGE_LOOP_ANALYSIS = YES;
				CLANG_WARN_STRICT_PROTOTYPES = YES;
				CLANG_WARN_SUSPICIOUS_MOVE = YES;
				CLANG_WARN_UNGUARDED_AVAILABILITY = YES_AGGRESSIVE;
				CLANG_WARN_UNREACHABLE_CODE = YES;
				CLANG_WARN__DUPLICATE_METHOD_MATCH = YES;
				COPY_PHASE_STRIP = NO;
				DEBUG_INFORMATION_FORMAT = "dwarf-with-dsym";
				ENABLE_NS_ASSERTIONS = NO;
				ENABLE_STRICT_OBJC_MSGSEND = YES;
				GCC_C_LANGUAGE_STANDARD = gnu11;
				GCC_NO_COMMON_BLOCKS = YES;
				GCC_WARN_64_TO_32_BIT_CONVERSION = YES;
				GCC_WARN_ABOUT_RETURN_TYPE = YES_ERROR;
				GCC_WARN_UNDECLARED_SELECTOR = YES;
				GCC_WARN_UNINITIALIZED_AUTOS = YES_AGGRESSIVE;
				GCC_WARN_UNUSED_FUNCTION = YES;
				GCC_WARN_UNUSED_VARIABLE = YES;
				IPHONEOS_DEPLOYMENT_TARGET = 13.7;
				MTL_ENABLE_DEBUG_INFO = NO;
				MTL_FAST_MATH = YES;
				SDKROOT = iphoneos;
				VALIDATE_PRODUCT = YES;
			};
			name = Release;
		};
		00DEB3E1252160A3007D2391 /* Debug */ = {
			isa = XCBuildConfiguration;
			buildSettings = {
				ASSETCATALOG_COMPILER_APPICON_NAME = AppIcon;
				CODE_SIGN_STYLE = Automatic;
				INFOPLIST_FILE = Tiemr/Info.plist;
				LD_RUNPATH_SEARCH_PATHS = (
					"$(inherited)",
					"@executable_path/Frameworks",
				);
				PRODUCT_BUNDLE_IDENTIFIER = yangrui.Tiemr;
				PRODUCT_NAME = "$(TARGET_NAME)";
				TARGETED_DEVICE_FAMILY = "1,2";
			};
			name = Debug;
		};
		00DEB3E2252160A3007D2391 /* Release */ = {
			isa = XCBuildConfiguration;
			buildSettings = {
				ASSETCATALOG_COMPILER_APPICON_NAME = AppIcon;
				CODE_SIGN_STYLE = Automatic;
				INFOPLIST_FILE = Tiemr/Info.plist;
				LD_RUNPATH_SEARCH_PATHS = (
					"$(inherited)",
					"@executable_path/Frameworks",
				);
				PRODUCT_BUNDLE_IDENTIFIER = yangrui.Tiemr;
				PRODUCT_NAME = "$(TARGET_NAME)";
				TARGETED_DEVICE_FAMILY = "1,2";
			};
			name = Release;
		};
/* End XCBuildConfiguration section */

/* Begin XCConfigurationList section */
		00DEB3C2252160A2007D2391 /* Build configuration list for PBXProject "Tiemr" */ = {
			isa = XCConfigurationList;
			buildConfigurations = (
				00DEB3DE252160A3007D2391 /* Debug */,
				00DEB3DF252160A3007D2391 /* Release */,
			);
			defaultConfigurationIsVisible = 0;
			defaultConfigurationName = Release;
		};
		00DEB3E0252160A3007D2391 /* Build configuration list for PBXNativeTarget "Tiemr" */ = {
			isa = XCConfigurationList;
			buildConfigurations = (
				00DEB3E1252160A3007D2391 /* Debug */,
				00DEB3E2252160A3007D2391 /* Release */,
			);
			defaultConfigurationIsVisible = 0;
			defaultConfigurationName = Release;
		};
/* End XCConfigurationList section */
	};
	rootObject = 00DEB3BF252160A2007D2391 /* Project object */;
}
